# THIS IS AN AUTOGENERATED FILE. DO NOT EDIT THIS FILE DIRECTLY.
# yarn lockfile v1


"@types/classnames@^2.2.11":
  version "2.2.11"
  resolved "https://registry.npmmirror.com/@types/classnames/download/@types/classnames-2.2.11.tgz#2521cc86f69d15c5b90664e4829d84566052c1cf"
  integrity sha1-JSHMhvadFcW5BmTkgp2EVmBSwc8=

classnames@^2.2.6:
  version "2.2.6"
  resolved "https://registry.npmmirror.com/classnames/download/classnames-2.2.6.tgz#43935bffdd291f326dad0a205309b38d00f650ce"
  integrity sha1-Q5Nb/90pHzJtrQogUwmzjQD2UM4=

lodash@^4.17.20:
  version "4.17.20"
  resolved "https://registry.npmmirror.com/lodash/download/lodash-4.17.20.tgz?cache=0&sync_timestamp=1597337964525&other_urls=https%3A%2F%2Fegistry.npmmirror.com%2Flodash%2Fdownload%2Flodash-4.17.20.tgz#b44a9b6297bcb698f1c51a3545a2b3b368d59c52"
  integrity sha1-tEqbYpe8tpjxxRo1RaKzs2jVnFI=

react-amap@^1.2.7:
  version "1.2.8"
  resolved "https://registry.npmmirror.com/react-amap/download/react-amap-1.2.8.tgz#cb5a6441c5e83acb0d7b2e8a1b20dc539b759d9b"
  integrity sha1-y1pkQcXoOssNey6KGyDcU5t1nZs=
