# THIS IS AN AUTOGENERATED FILE. DO NOT EDIT THIS FILE DIRECTLY.
# yarn lockfile v1


"@gm-common/fingerprint@^2.13.0":
  version "2.13.0"
  resolved "https://registry.yarnpkg.com/@gm-common/fingerprint/-/fingerprint-2.13.0.tgz#14dd6133b5205fef0c1d6b8e9491fc0a1d2b409f"
  integrity sha512-JAAmjIjJ7YP31VbCHFSa5e7MGkigikL32xrGKtHD4f6UsilnXg17480VcZqjr2Rfx69f+xoMLm1wQWr8RE9ZGA==
  dependencies:
    "@gm-common/tool" "^2.13.0"
    "@types/fingerprintjs2" "^2.0.0"
    fingerprintjs2 "^2.1.2"

"@gm-common/tool@^2.13.0":
  version "2.13.0"
  resolved "https://registry.yarnpkg.com/@gm-common/tool/-/tool-2.13.0.tgz#96d65ce0cb93401af7f651a81da8fa1dca67cf97"
  integrity sha512-08R1voO0fRhGvDwHcaqupGQspst7FQyKiGqZXA9Tsdxra/uKLoJ/tViOAXKg4q3viU5494+T0l8a4FioOQ6jjg==
  dependencies:
    lodash "^4.17.20"

"@types/fingerprintjs2@^2.0.0":
  version "2.0.0"
  resolved "https://registry.yarnpkg.com/@types/fingerprintjs2/-/fingerprintjs2-2.0.0.tgz#3af76e165416fa75261bbce4393f5445fca4cadd"
  integrity sha512-isSTwNnW5I6zGZnpkinmVcV9pJqr7cLELns+tXDYzskIOAb2J+iCQ0mQJ9bRjHJhZfdlTFXZoCYK9ZgT3oMWXQ==

axios@^0.21.0:
  version "0.21.0"
  resolved "https://registry.npm.taobao.org/axios/download/axios-0.21.0.tgz?cache=0&sync_timestamp=1603469130017&other_urls=https%3A%2F%2Fregistry.npm.taobao.org%2Faxios%2Fdownload%2Faxios-0.21.0.tgz#26df088803a2350dff2c27f96fef99fe49442aca"
  integrity sha1-Jt8IiAOiNQ3/LCf5b++Z/klEKso=
  dependencies:
    follow-redirects "^1.10.0"

decode-uri-component@^0.2.0:
  version "0.2.2"
  resolved "https://registry.yarnpkg.com/decode-uri-component/-/decode-uri-component-0.2.2.tgz#e69dbe25d37941171dd540e024c444cd5188e1e9"
  integrity sha512-FqUYQ+8o158GyGTrMFJms9qh3CqTKvAqgqsTnkLI8sKu0028orqBhxNMFkFen0zGyg6epACD32pjVk58ngIErQ==

fingerprintjs2@^2.1.2:
  version "2.1.4"
  resolved "https://registry.yarnpkg.com/fingerprintjs2/-/fingerprintjs2-2.1.4.tgz#a39deb947aa187c098306a0b5dd41ceaa2e15fc5"
  integrity sha512-veP2yVsnYvjDVkzZMyIEwpqCAQfsBLH+U4PK5MlFAnLjZrttbdRqEArE1fPcnJFz5oS5CrdONbsV7J6FGpIJEQ==

follow-redirects@^1.10.0:
  version "1.13.0"
  resolved "https://registry.npm.taobao.org/follow-redirects/download/follow-redirects-1.13.0.tgz?cache=0&sync_timestamp=1597058039887&other_urls=https%3A%2F%2Fregistry.npm.taobao.org%2Ffollow-redirects%2Fdownload%2Ffollow-redirects-1.13.0.tgz#b42e8d93a2a7eea5ed88633676d6597bc8e384db"
  integrity sha1-tC6Nk6Kn7qXtiGM2dtZZe8jjhNs=

lodash@^4.17.20:
  version "4.17.21"
  resolved "https://registry.yarnpkg.com/lodash/-/lodash-4.17.21.tgz#679591c564c3bffaae8454cf0b3df370c3d6911c"
  integrity sha512-v2kDEe57lecTulaDIuNTPy3Ry4gLGJ6Z1O3vE1krgXZNrsQ+LFTGHVxVjcXPs17LhbZVGedAJv8XZ1tvj5FvSg==

query-string@^6.13.6:
  version "6.13.6"
  resolved "https://registry.npm.taobao.org/query-string/download/query-string-6.13.6.tgz?cache=0&sync_timestamp=1602949126128&other_urls=https%3A%2F%2Fregistry.npm.taobao.org%2Fquery-string%2Fdownload%2Fquery-string-6.13.6.tgz#e5ac7c74f2a5da43fbca0b883b4f0bafba439966"
  integrity sha1-5ax8dPKl2kP7yguIO08Lr7pDmWY=
  dependencies:
    decode-uri-component "^0.2.0"
    split-on-first "^1.0.0"
    strict-uri-encode "^2.0.0"

split-on-first@^1.0.0:
  version "1.1.0"
  resolved "https://registry.npm.taobao.org/split-on-first/download/split-on-first-1.1.0.tgz?cache=0&sync_timestamp=1573633419349&other_urls=https%3A%2F%2Fregistry.npm.taobao.org%2Fsplit-on-first%2Fdownload%2Fsplit-on-first-1.1.0.tgz#f610afeee3b12bce1d0c30425e76398b78249a5f"
  integrity sha1-9hCv7uOxK84dDDBCXnY5i3gkml8=

strict-uri-encode@^2.0.0:
  version "2.0.0"
  resolved "https://registry.npm.taobao.org/strict-uri-encode/download/strict-uri-encode-2.0.0.tgz#b9c7330c7042862f6b142dc274bbcc5866ce3546"
  integrity sha1-ucczDHBChi9rFC3CdLvMWGbONUY=
