# THIS IS AN AUTOGENERATED FILE. DO NOT EDIT THIS FILE DIRECTLY.
# yarn lockfile v1


"@gm-common/fingerprint@^2.14.3":
  version "2.14.3"
  resolved "https://registry.yarnpkg.com/@gm-common/fingerprint/-/fingerprint-2.14.3.tgz#bd760210d7a9f26a285b542745f7e564f92efdc7"
  integrity sha512-9kH4mAQ9bSsoj6o0W2rRr6vEoECHodQuIh8LNFW+HQGbngayIJKFAJMWZKywjLGLunVwzzHlf4caP9Pi6u19LQ==
  dependencies:
    "@gm-common/tool" "^2.14.3"
    "@types/fingerprintjs2" "^2.0.0"
    fingerprintjs2 "^2.1.2"

"@gm-common/tool@^2.14.3":
  version "2.14.3"
  resolved "https://registry.yarnpkg.com/@gm-common/tool/-/tool-2.14.3.tgz#bdccc9b0958cd139cfeae724ebe997f0ed110386"
  integrity sha512-IHkQptCTJQnsArKRhRwZq+5RJbJwbDFbn1YU1I0x3O+z6oq81Zcoo15f4niq9b0elM8znY4NTolnvNbY9I0T9w==
  dependencies:
    lodash "^4.17.20"

"@types/fingerprintjs2@^2.0.0":
  version "2.0.0"
  resolved "https://registry.yarnpkg.com/@types/fingerprintjs2/-/fingerprintjs2-2.0.0.tgz#3af76e165416fa75261bbce4393f5445fca4cadd"
  integrity sha512-isSTwNnW5I6zGZnpkinmVcV9pJqr7cLELns+tXDYzskIOAb2J+iCQ0mQJ9bRjHJhZfdlTFXZoCYK9ZgT3oMWXQ==

axios@^0.21.0:
  version "0.21.2"
  resolved "https://registry.yarnpkg.com/axios/-/axios-0.21.2.tgz#21297d5084b2aeeb422f5d38e7be4fbb82239017"
  integrity sha512-87otirqUw3e8CzHTMO+/9kh/FSgXt/eVDvipijwDtEuwbkySWZ9SBm6VEubmJ/kLKEoLQV/POhxXFb66bfekfg==
  dependencies:
    follow-redirects "^1.14.0"

decode-uri-component@^0.2.0:
  version "0.2.0"
  resolved "https://registry.npm.taobao.org/decode-uri-component/download/decode-uri-component-0.2.0.tgz#eb3913333458775cb84cd1a1fae062106bb87545"
  integrity sha1-6zkTMzRYd1y4TNGh+uBiEGu4dUU=

fingerprintjs2@^2.1.2:
  version "2.1.4"
  resolved "https://registry.yarnpkg.com/fingerprintjs2/-/fingerprintjs2-2.1.4.tgz#a39deb947aa187c098306a0b5dd41ceaa2e15fc5"
  integrity sha512-veP2yVsnYvjDVkzZMyIEwpqCAQfsBLH+U4PK5MlFAnLjZrttbdRqEArE1fPcnJFz5oS5CrdONbsV7J6FGpIJEQ==

follow-redirects@^1.14.0:
  version "1.15.2"
  resolved "https://registry.yarnpkg.com/follow-redirects/-/follow-redirects-1.15.2.tgz#b460864144ba63f2681096f274c4e57026da2c13"
  integrity sha512-VQLG33o04KaQ8uYi2tVNbdrWp1QWxNNea+nmIB4EVM28v0hmP17z7aG1+wAkNzVq4KeXTq3221ye5qTJP91JwA==

lodash@^4.17.20:
  version "4.17.21"
  resolved "https://registry.yarnpkg.com/lodash/-/lodash-4.17.21.tgz#679591c564c3bffaae8454cf0b3df370c3d6911c"
  integrity sha512-v2kDEe57lecTulaDIuNTPy3Ry4gLGJ6Z1O3vE1krgXZNrsQ+LFTGHVxVjcXPs17LhbZVGedAJv8XZ1tvj5FvSg==

query-string@^6.13.6:
  version "6.13.6"
  resolved "https://registry.npm.taobao.org/query-string/download/query-string-6.13.6.tgz?cache=0&sync_timestamp=1602949126128&other_urls=https%3A%2F%2Fregistry.npm.taobao.org%2Fquery-string%2Fdownload%2Fquery-string-6.13.6.tgz#e5ac7c74f2a5da43fbca0b883b4f0bafba439966"
  integrity sha1-5ax8dPKl2kP7yguIO08Lr7pDmWY=
  dependencies:
    decode-uri-component "^0.2.0"
    split-on-first "^1.0.0"
    strict-uri-encode "^2.0.0"

split-on-first@^1.0.0:
  version "1.1.0"
  resolved "https://registry.npm.taobao.org/split-on-first/download/split-on-first-1.1.0.tgz?cache=0&sync_timestamp=1573633419349&other_urls=https%3A%2F%2Fregistry.npm.taobao.org%2Fsplit-on-first%2Fdownload%2Fsplit-on-first-1.1.0.tgz#f610afeee3b12bce1d0c30425e76398b78249a5f"
  integrity sha1-9hCv7uOxK84dDDBCXnY5i3gkml8=

strict-uri-encode@^2.0.0:
  version "2.0.0"
  resolved "https://registry.npm.taobao.org/strict-uri-encode/download/strict-uri-encode-2.0.0.tgz#b9c7330c7042862f6b142dc274bbcc5866ce3546"
  integrity sha1-ucczDHBChi9rFC3CdLvMWGbONUY=
