# THIS IS AN AUTOGENERATED FILE. DO NOT EDIT THIS FILE DIRECTLY.
# yarn lockfile v1


"@gm-common/analyse@^2.12.0":
  version "2.12.0"
  resolved "https://registry.yarnpkg.com/@gm-common/analyse/-/analyse-2.12.0.tgz#5d7bb49d70bc4acbee1ad02422c94ce65287e8d9"
  integrity sha512-njsptBaUUV6DR2YFkcoMdztzILDF6pT7r4Mz4E00NTCQobT7CMKkHmxOX9ZurxAYY0fNRwteq2b/PdfNPepeLw==
  dependencies:
    "@gm-common/fingerprint" "^2.12.0"
    axios "^0.21.0"
    query-string "^6.13.6"

"@gm-common/fingerprint@^2.12.0":
  version "2.12.0"
  resolved "https://registry.yarnpkg.com/@gm-common/fingerprint/-/fingerprint-2.12.0.tgz#97d9933a22af504a7d01351b68d52ddc163e7572"
  integrity sha512-T8BKTU1lhokw6PyUFwlVY48tCCl00ArKpS6MsAmd+x1dLeuvTPRfsiAuftEttvF6iJq6T9Gh5TWHZLDyRwmeAw==
  dependencies:
    "@gm-common/tool" "^2.12.0"
    "@types/fingerprintjs2" "^2.0.0"
    fingerprintjs2 "^2.1.2"

"@gm-common/locales@^2.12.0":
  version "2.12.0"
  resolved "https://registry.yarnpkg.com/@gm-common/locales/-/locales-2.12.0.tgz#5710ce34b46e6524b90cb4de8ac6a499b2bfdb41"
  integrity sha512-exZMQEEq0FLdEw4fyS59KTJpb/sDilhkn5X1SYtbsTjGX1hxumUZGs6AUs5BYtWeSqDDAXZhNvcIID64ycfRLg==

"@gm-common/tool@^2.12.0":
  version "2.12.0"
  resolved "https://registry.yarnpkg.com/@gm-common/tool/-/tool-2.12.0.tgz#b0d52799e579e592cd80db326a8c228d1be55b0f"
  integrity sha512-xh5f50CBAaYKXP2SAvniYzExBFUTr4b5FGVCNIf1Nz4rP+uO63KE9ih17j3B43eRu1lT7A7ek3mfYvnY6gHRsg==
  dependencies:
    lodash "^4.17.20"

"@types/fingerprintjs2@^2.0.0":
  version "2.0.0"
  resolved "https://registry.yarnpkg.com/@types/fingerprintjs2/-/fingerprintjs2-2.0.0.tgz#3af76e165416fa75261bbce4393f5445fca4cadd"
  integrity sha512-isSTwNnW5I6zGZnpkinmVcV9pJqr7cLELns+tXDYzskIOAb2J+iCQ0mQJ9bRjHJhZfdlTFXZoCYK9ZgT3oMWXQ==

axios@^0.21.0:
  version "0.21.0"
  resolved "https://registry.npm.taobao.org/axios/download/axios-0.21.0.tgz?cache=0&sync_timestamp=1603469130017&other_urls=https%3A%2F%2Fregistry.npm.taobao.org%2Faxios%2Fdownload%2Faxios-0.21.0.tgz#26df088803a2350dff2c27f96fef99fe49442aca"
  integrity sha1-Jt8IiAOiNQ3/LCf5b++Z/klEKso=
  dependencies:
    follow-redirects "^1.10.0"

decode-uri-component@^0.2.0:
  version "0.2.0"
  resolved "https://registry.yarnpkg.com/decode-uri-component/-/decode-uri-component-0.2.0.tgz#eb3913333458775cb84cd1a1fae062106bb87545"
  integrity sha1-6zkTMzRYd1y4TNGh+uBiEGu4dUU=

filter-obj@^1.1.0:
  version "1.1.0"
  resolved "https://registry.yarnpkg.com/filter-obj/-/filter-obj-1.1.0.tgz#9b311112bc6c6127a16e016c6c5d7f19e0805c5b"
  integrity sha1-mzERErxsYSehbgFsbF1/GeCAXFs=

fingerprintjs2@^2.1.2:
  version "2.1.4"
  resolved "https://registry.yarnpkg.com/fingerprintjs2/-/fingerprintjs2-2.1.4.tgz#a39deb947aa187c098306a0b5dd41ceaa2e15fc5"
  integrity sha512-veP2yVsnYvjDVkzZMyIEwpqCAQfsBLH+U4PK5MlFAnLjZrttbdRqEArE1fPcnJFz5oS5CrdONbsV7J6FGpIJEQ==

follow-redirects@^1.10.0:
  version "1.15.0"
  resolved "https://registry.yarnpkg.com/follow-redirects/-/follow-redirects-1.15.0.tgz#06441868281c86d0dda4ad8bdaead2d02dca89d4"
  integrity sha512-aExlJShTV4qOUOL7yF1U5tvLCB0xQuudbf6toyYA0E/acBNw71mvjFTnLaRp50aQaYocMR0a/RMMBIHeZnGyjQ==

js-base64@^3.6.0:
  version "3.6.0"
  resolved "https://registry.yarnpkg.com/js-base64/-/js-base64-3.6.0.tgz#773e1de628f4f298d65a7e9842c50244751f5756"
  integrity sha512-wVdUBYQeY2gY73RIlPrysvpYx+2vheGo8Y1SNQv/BzHToWpAZzJU7Z6uheKMAe+GLSBig5/Ps2nxg/8tRB73xg==

lodash@^4.17.19:
  version "4.17.20"
  resolved "https://registry.npm.taobao.org/lodash/download/lodash-4.17.20.tgz?cache=0&sync_timestamp=1597337964525&other_urls=https%3A%2F%2Fregistry.npm.taobao.org%2Flodash%2Fdownload%2Flodash-4.17.20.tgz#b44a9b6297bcb698f1c51a3545a2b3b368d59c52"
  integrity sha1-tEqbYpe8tpjxxRo1RaKzs2jVnFI=

lodash@^4.17.20:
  version "4.17.21"
  resolved "https://registry.yarnpkg.com/lodash/-/lodash-4.17.21.tgz#679591c564c3bffaae8454cf0b3df370c3d6911c"
  integrity sha512-v2kDEe57lecTulaDIuNTPy3Ry4gLGJ6Z1O3vE1krgXZNrsQ+LFTGHVxVjcXPs17LhbZVGedAJv8XZ1tvj5FvSg==

query-string@^6.13.6:
  version "6.14.1"
  resolved "https://registry.yarnpkg.com/query-string/-/query-string-6.14.1.tgz#7ac2dca46da7f309449ba0f86b1fd28255b0c86a"
  integrity sha512-XDxAeVmpfu1/6IjyT/gXHOl+S0vQ9owggJ30hhWKdHAsNPOcasn5o9BW0eejZqL2e4vMjhAxoW3jVHcD6mbcYw==
  dependencies:
    decode-uri-component "^0.2.0"
    filter-obj "^1.1.0"
    split-on-first "^1.0.0"
    strict-uri-encode "^2.0.0"

split-on-first@^1.0.0:
  version "1.1.0"
  resolved "https://registry.yarnpkg.com/split-on-first/-/split-on-first-1.1.0.tgz#f610afeee3b12bce1d0c30425e76398b78249a5f"
  integrity sha512-43ZssAJaMusuKWL8sKUBQXHWOpq8d6CfN/u1p4gUzfJkM05C8rxTmYrkIPTXapZpORA6LkkzcUulJ8FqA7Uudw==

strict-uri-encode@^2.0.0:
  version "2.0.0"
  resolved "https://registry.yarnpkg.com/strict-uri-encode/-/strict-uri-encode-2.0.0.tgz#b9c7330c7042862f6b142dc274bbcc5866ce3546"
  integrity sha1-ucczDHBChi9rFC3CdLvMWGbONUY=
