# THIS IS AN AUTOGENERATED FILE. DO NOT EDIT THIS FILE DIRECTLY.
# yarn lockfile v1


ts-config-gm-react-app@3.0.2:
  version "3.0.2"
  resolved "https://registry.npm.taobao.org/ts-config-gm-react-app/download/ts-config-gm-react-app-3.0.2.tgz#0427fb61c3cc6f551d1d7668586e8b857e5ab13d"
  integrity sha1-BCf7YcPMb1UdHXZoWG6LhX5asT0=
