# THIS IS AN AUTOGENERATED FILE. DO NOT EDIT THIS FILE DIRECTLY.
# yarn lockfile v1


"@gm-common/analyse@^2.9.20":
  version "2.9.20"
  resolved "https://registry.yarnpkg.com/@gm-common/analyse/-/analyse-2.9.20.tgz#44c65e715c7200b8864e068c455bec3db9133622"
  integrity sha512-Rxw1wmeJzD+ylMBkY4hC2H6NLDEuaQU11cG4t3He+a5qyyf4u2+wxPY8uCqSSiNHbQcx5J/7aRHBTm2MB0hsKw==
  dependencies:
    "@gm-common/fingerprint" "^2.9.20"
    axios "^0.21.0"
    query-string "^6.13.6"

"@gm-common/fingerprint@^2.9.20":
  version "2.9.20"
  resolved "https://registry.yarnpkg.com/@gm-common/fingerprint/-/fingerprint-2.9.20.tgz#c4c843724dce9ba43c806cd007255e01b8b24c7e"
  integrity sha512-hLBol0Oy+t80gK2ONqmwxfHCzxX8qurwWdgZ6Dstcak0jwLCaacbyUaSSbpOPFXubC6dikL5v4fPdHzMI71tow==
  dependencies:
    "@gm-common/tool" "^2.9.20"
    "@types/fingerprintjs2" "^2.0.0"
    fingerprintjs2 "^2.1.2"

"@gm-common/locales@^2.9.20":
  version "2.9.20"
  resolved "https://registry.yarnpkg.com/@gm-common/locales/-/locales-2.9.20.tgz#b78302e5b12a7620231e21a9715e656df7c8d77a"
  integrity sha512-PMrwAKdop6TLOKvCkM5wx7ZGnmoZ5qwT3XBzGrMRXp2p040h6Fk3nAMSpnA3fj/p50YvUvCDAftYQpF/1pETfw==

"@gm-common/qiniup@^2.9.20":
  version "2.9.20"
  resolved "https://registry.yarnpkg.com/@gm-common/qiniup/-/qiniup-2.9.20.tgz#9f15f628f4f980ff31f266445b8506187a895329"
  integrity sha512-iHULmhUlP8VMTVKf/9b5/XmFpF86P5cnxbCReqGZyd0IObFT5I4kkPxeQvn8h/ZJWKygV+1UFmrgg4KaXjmJlA==
  dependencies:
    "@gm-common/tool" "^2.9.20"
    axios "^0.21.0"
    lodash "^4.17.19"

"@gm-common/tool@^2.9.20":
  version "2.9.20"
  resolved "https://registry.yarnpkg.com/@gm-common/tool/-/tool-2.9.20.tgz#29ab624a5db551165c138accb9eeadb02c2f8833"
  integrity sha512-+EveTwTiqStW6IXLWoIAlsuH6+sFQy081B5ztt217C3DITZi5pD2pMjw0lgd9Z4yn0xANi4W0rHUJy0ewJZoJg==
  dependencies:
    lodash "^4.17.20"

"@gm-common/x-request@^2.9.20":
  version "2.9.20"
  resolved "https://registry.yarnpkg.com/@gm-common/x-request/-/x-request-2.9.20.tgz#0a9c586281a2722592a3773fbe3a43e55f94b1a9"
  integrity sha512-46l4MPlfZUafIU89bzfBTzfQeu4R54tlNLskrF3OMHH9T07fNqI/I2zgvaueWnvX5GPr8wKEJVEUq9QJEbDkhw==
  dependencies:
    "@gm-common/analyse" "^2.9.20"
    "@gm-common/fingerprint" "^2.9.20"
    "@gm-common/locales" "^2.9.20"
    "@gm-common/tool" "^2.9.20"
    axios "^0.21.0"
    js-base64 "^3.6.0"
    lodash "^4.17.19"

"@types/fingerprintjs2@^2.0.0":
  version "2.0.0"
  resolved "https://registry.yarnpkg.com/@types/fingerprintjs2/-/fingerprintjs2-2.0.0.tgz#3af76e165416fa75261bbce4393f5445fca4cadd"
  integrity sha512-isSTwNnW5I6zGZnpkinmVcV9pJqr7cLELns+tXDYzskIOAb2J+iCQ0mQJ9bRjHJhZfdlTFXZoCYK9ZgT3oMWXQ==

axios@^0.21.0:
  version "0.21.1"
  resolved "https://registry.yarnpkg.com/axios/-/axios-0.21.1.tgz#22563481962f4d6bde9a76d516ef0e5d3c09b2b8"
  integrity sha512-dKQiRHxGD9PPRIUNIWvZhPTPpl1rf/OxTYKsqKUDjBwYylTvV7SjSHJb9ratfyzM6wCdLCOYLzs73qpg5c4iGA==
  dependencies:
    follow-redirects "^1.10.0"

decode-uri-component@^0.2.0:
  version "0.2.0"
  resolved "https://registry.yarnpkg.com/decode-uri-component/-/decode-uri-component-0.2.0.tgz#eb3913333458775cb84cd1a1fae062106bb87545"
  integrity sha1-6zkTMzRYd1y4TNGh+uBiEGu4dUU=

filter-obj@^1.1.0:
  version "1.1.0"
  resolved "https://registry.yarnpkg.com/filter-obj/-/filter-obj-1.1.0.tgz#9b311112bc6c6127a16e016c6c5d7f19e0805c5b"
  integrity sha1-mzERErxsYSehbgFsbF1/GeCAXFs=

fingerprintjs2@^2.1.2:
  version "2.1.4"
  resolved "https://registry.yarnpkg.com/fingerprintjs2/-/fingerprintjs2-2.1.4.tgz#a39deb947aa187c098306a0b5dd41ceaa2e15fc5"
  integrity sha512-veP2yVsnYvjDVkzZMyIEwpqCAQfsBLH+U4PK5MlFAnLjZrttbdRqEArE1fPcnJFz5oS5CrdONbsV7J6FGpIJEQ==

follow-redirects@^1.10.0:
  version "1.14.1"
  resolved "https://registry.yarnpkg.com/follow-redirects/-/follow-redirects-1.14.1.tgz#d9114ded0a1cfdd334e164e6662ad02bfd91ff43"
  integrity sha512-HWqDgT7ZEkqRzBvc2s64vSZ/hfOceEol3ac/7tKwzuvEyWx3/4UegXh5oBOIotkGsObyk3xznnSRVADBgWSQVg==

js-base64@^3.6.0:
  version "3.6.1"
  resolved "https://registry.yarnpkg.com/js-base64/-/js-base64-3.6.1.tgz#555aae398b74694b4037af1f8a5a6209d170efbe"
  integrity sha512-Frdq2+tRRGLQUIQOgsIGSCd1VePCS2fsddTG5dTCqR0JHgltXWfsxnY0gIXPoMeRmdom6Oyq+UMOFg5suduOjQ==

lodash@^4.17.19, lodash@^4.17.20:
  version "4.17.21"
  resolved "https://registry.yarnpkg.com/lodash/-/lodash-4.17.21.tgz#679591c564c3bffaae8454cf0b3df370c3d6911c"
  integrity sha512-v2kDEe57lecTulaDIuNTPy3Ry4gLGJ6Z1O3vE1krgXZNrsQ+LFTGHVxVjcXPs17LhbZVGedAJv8XZ1tvj5FvSg==

query-string@^6.13.6:
  version "6.14.1"
  resolved "https://registry.yarnpkg.com/query-string/-/query-string-6.14.1.tgz#7ac2dca46da7f309449ba0f86b1fd28255b0c86a"
  integrity sha512-XDxAeVmpfu1/6IjyT/gXHOl+S0vQ9owggJ30hhWKdHAsNPOcasn5o9BW0eejZqL2e4vMjhAxoW3jVHcD6mbcYw==
  dependencies:
    decode-uri-component "^0.2.0"
    filter-obj "^1.1.0"
    split-on-first "^1.0.0"
    strict-uri-encode "^2.0.0"

split-on-first@^1.0.0:
  version "1.1.0"
  resolved "https://registry.yarnpkg.com/split-on-first/-/split-on-first-1.1.0.tgz#f610afeee3b12bce1d0c30425e76398b78249a5f"
  integrity sha512-43ZssAJaMusuKWL8sKUBQXHWOpq8d6CfN/u1p4gUzfJkM05C8rxTmYrkIPTXapZpORA6LkkzcUulJ8FqA7Uudw==

strict-uri-encode@^2.0.0:
  version "2.0.0"
  resolved "https://registry.yarnpkg.com/strict-uri-encode/-/strict-uri-encode-2.0.0.tgz#b9c7330c7042862f6b142dc274bbcc5866ce3546"
  integrity sha1-ucczDHBChi9rFC3CdLvMWGbONUY=
