# THIS IS AN AUTOGENERATED FILE. DO NOT EDIT THIS FILE DIRECTLY.
# yarn lockfile v1


"@types/fingerprintjs2@^2.0.0":
  version "2.0.0"
  resolved "https://registry.yarnpkg.com/@types/fingerprintjs2/-/fingerprintjs2-2.0.0.tgz#3af76e165416fa75261bbce4393f5445fca4cadd"
  integrity sha512-isSTwNnW5I6zGZnpkinmVcV9pJqr7cLELns+tXDYzskIOAb2J+iCQ0mQJ9bRjHJhZfdlTFXZoCYK9ZgT3oMWXQ==

fingerprintjs2@^2.1.0:
  version "2.1.0"
  resolved "https://registry.yarnpkg.com/fingerprintjs2/-/fingerprintjs2-2.1.0.tgz#21dc3fee27d3b199056ef8eb873debccd8e06323"
  integrity sha512-H1k/ESTD2rJ3liupyqWBPjZC+LKfCGixQzz/NDN4dkgbmG1bVFyMOh7luKSkVDoyfhgvRm62pviNMPI+eJTZcQ==

ts-config-gm-react-app@^3.0.6:
  version "3.0.6"
  resolved "https://registry.yarnpkg.com/ts-config-gm-react-app/-/ts-config-gm-react-app-3.0.6.tgz#312ae034a2e40ced8940a1d7bbb3fb89de606605"
  integrity sha512-hiO+EfoFqqQIog06dbV008a6NCwvtfp3pSLLqlA4wHmtoPs1jOohB3/dL2kxymz3KCfJynGtkQDgzG0/N8I7yA==
