# THIS IS AN AUTOGENERATED FILE. DO NOT EDIT THIS FILE DIRECTLY.
# yarn lockfile v1


"@gm-common/tool@^2.0.0-alpha.0":
  version "2.0.0-alpha.0"
  resolved "https://registry.npm.taobao.org/@gm-common/tool/download/@gm-common/tool-2.0.0-alpha.0.tgz#99aa81aef517d7f2c5f26d6664f142e295e6c14b"
  integrity sha1-maqBrvUX1/LF8m1mZPFC4pXmwUs=
  dependencies:
    lodash "^4.17.15"

"@types/fingerprintjs2@^2.0.0":
  version "2.0.0"
  resolved "https://registry.npm.taobao.org/@types/fingerprintjs2/download/@types/fingerprintjs2-2.0.0.tgz#3af76e165416fa75261bbce4393f5445fca4cadd"
  integrity sha1-OvduFlQW+nUmG7zkOT9URfykyt0=

fingerprintjs2@^2.1.0:
  version "2.1.0"
  resolved "https://registry.npm.taobao.org/fingerprintjs2/download/fingerprintjs2-2.1.0.tgz#21dc3fee27d3b199056ef8eb873debccd8e06323"
  integrity sha1-Idw/7ifTsZkFbvjrhz3rzNjgYyM=

lodash@^4.17.15:
  version "4.17.15"
  resolved "https://registry.npm.taobao.org/lodash/download/lodash-4.17.15.tgz?cache=0&sync_timestamp=1571657272199&other_urls=https%3A%2F%2Fregistry.npm.taobao.org%2Flodash%2Fdownload%2Flodash-4.17.15.tgz#b447f6670a0455bbfeedd11392eff330ea097548"
  integrity sha1-tEf2ZwoEVbv+7dETku/zMOoJdUg=
