# THIS IS AN AUTOGENERATED FILE. DO NOT EDIT THIS FILE DIRECTLY.
# yarn lockfile v1


ts-config-gm-react-app@^3.4.5:
  version "3.4.5"
  resolved "https://registry.npmmirror.com/ts-config-gm-react-app/download/ts-config-gm-react-app-3.4.5.tgz#082a267f788f7cf5b9abf4c95c4ec2c497c6884e"
  integrity sha1-CComf3iPfPW5q/TJXE7CxJfGiE4=
