# THIS IS AN AUTOGENERATED FILE. DO NOT EDIT THIS FILE DIRECTLY.
# yarn lockfile v1


ts-config-gm-react-app@^3.0.6:
  version "3.2.6"
  resolved "https://registry.npmjs.org/ts-config-gm-react-app/-/ts-config-gm-react-app-3.2.6.tgz#078d44d80e5a6c0f64154c97825be4e89d37b40b"
  integrity sha512-WP9FAc32IUZsF4O41sGq3NE5+y76tc3x7yQDtAryL1EL7uqGFuglb1rWUvDB0qfUViMMfat0FwjNHms6d8Qo1Q==
