# THIS IS AN AUTOGENERATED FILE. DO NOT EDIT THIS FILE DIRECTLY.
# yarn lockfile v1


"@types/big.js@^6.0.0":
  version "6.0.0"
  resolved "https://registry.npmjs.org/@types/big.js/-/big.js-6.0.0.tgz#44967c254a3b6dd8426f0a5e3a40717b487aa984"
  integrity sha512-EESIS1UIBimpfgoO0Ns9C4wnu/dA5pGa6mZDBSwZkshPRAmgLPu9yHEM8xDsmhZRT5sy+q/o6y922G2tP5kY2w==

big.js@^6.0.1:
  version "6.0.1"
  resolved "https://registry.npmjs.org/big.js/-/big.js-6.0.1.tgz#9e0a2e8b1825ce006cd4a096d6f294738cd5cff6"
  integrity sha512-o2EROPS1CEOLYNJKDRvmfVxpP9YTQxBSW0nJrpCpBjB5TEg3XYUt+WZHqrOVi/53GcQk8KFfNE08ZLpiD4iA2A==

lodash@^4.17.20:
  version "4.17.20"
  resolved "https://registry.npmjs.org/lodash/-/lodash-4.17.20.tgz#b44a9b6297bcb698f1c51a3545a2b3b368d59c52"
  integrity sha512-PlhdFcillOINfeV7Ni6oF1TAEayyZBoZ8bcshTHqOYJYlrqzRK5hagpagky5o4HfCzzd1TRkXPMFq6cKk9rGmA==
