# THIS IS AN AUTOGENERATED FILE. DO NOT EDIT THIS FILE DIRECTLY.
# yarn lockfile v1


"@types/big.js@^6.0.0":
  version "6.0.0"
  resolved "https://registry.npmmirror.com/@types/big.js/download/@types/big.js-6.0.0.tgz#44967c254a3b6dd8426f0a5e3a40717b487aa984"
  integrity sha1-RJZ8JUo7bdhCbwpeOkBxe0h6qYQ=

big.js@^6.0.1:
  version "6.0.1"
  resolved "https://registry.npmmirror.com/big.js/download/big.js-6.0.1.tgz#9e0a2e8b1825ce006cd4a096d6f294738cd5cff6"
  integrity sha1-ngouixglzgBs1KCW1vKUc4zVz/Y=

lodash@^4.17.20:
  version "4.17.20"
  resolved "https://registry.npmmirror.com/lodash/download/lodash-4.17.20.tgz?cache=0&sync_timestamp=1597337964525&other_urls=https%3A%2F%2Fegistry.npmmirror.com%2Flodash%2Fdownload%2Flodash-4.17.20.tgz#b44a9b6297bcb698f1c51a3545a2b3b368d59c52"
  integrity sha1-tEqbYpe8tpjxxRo1RaKzs2jVnFI=
