# THIS IS AN AUTOGENERATED FILE. DO NOT EDIT THIS FILE DIRECTLY.
# yarn lockfile v1


axios@^0.21.0:
  version "0.21.0"
  resolved "https://registry.npmmirror.com/axios/download/axios-0.21.0.tgz?cache=0&sync_timestamp=1603469130017&other_urls=https%3A%2F%2Fegistry.npmmirror.com%2Faxios%2Fdownload%2Faxios-0.21.0.tgz#26df088803a2350dff2c27f96fef99fe49442aca"
  integrity sha1-Jt8IiAOiNQ3/LCf5b++Z/klEKso=
  dependencies:
    follow-redirects "^1.10.0"

follow-redirects@^1.10.0:
  version "1.13.0"
  resolved "https://registry.npmmirror.com/follow-redirects/download/follow-redirects-1.13.0.tgz?cache=0&sync_timestamp=1597058039887&other_urls=https%3A%2F%2Fegistry.npmmirror.com%2Ffollow-redirects%2Fdownload%2Ffollow-redirects-1.13.0.tgz#b42e8d93a2a7eea5ed88633676d6597bc8e384db"
  integrity sha1-tC6Nk6Kn7qXtiGM2dtZZe8jjhNs=

lodash@^4.17.20:
  version "4.17.20"
  resolved "https://registry.npmmirror.com/lodash/download/lodash-4.17.20.tgz?cache=0&sync_timestamp=1597337964525&other_urls=https%3A%2F%2Fegistry.npmmirror.com%2Flodash%2Fdownload%2Flodash-4.17.20.tgz#b44a9b6297bcb698f1c51a3545a2b3b368d59c52"
  integrity sha1-tEqbYpe8tpjxxRo1RaKzs2jVnFI=
