# THIS IS AN AUTOGENERATED FILE. DO NOT EDIT THIS FILE DIRECTLY.
# yarn lockfile v1


"@gm-common/analyse@^2.14.3":
  version "2.14.3"
  resolved "https://registry.yarnpkg.com/@gm-common/analyse/-/analyse-2.14.3.tgz#89dcc91969b35904cacf023361bc00db3d8ea584"
  integrity sha512-elnXCLN5ufufQYhxrlyCBRYhH16pLmX/Y0tW17zHWlOxIxrsnDbHwbAr/ozuGQepCA9ewgg8w0giXRZL1zAc4w==
  dependencies:
    "@gm-common/fingerprint" "^2.14.3"
    axios "^0.21.0"
    query-string "^6.13.6"

"@gm-common/fingerprint@^2.14.3":
  version "2.14.3"
  resolved "https://registry.yarnpkg.com/@gm-common/fingerprint/-/fingerprint-2.14.3.tgz#bd760210d7a9f26a285b542745f7e564f92efdc7"
  integrity sha512-9kH4mAQ9bSsoj6o0W2rRr6vEoECHodQuIh8LNFW+HQGbngayIJKFAJMWZKywjLGLunVwzzHlf4caP9Pi6u19LQ==
  dependencies:
    "@gm-common/tool" "^2.14.3"
    "@types/fingerprintjs2" "^2.0.0"
    fingerprintjs2 "^2.1.2"

"@gm-common/locales@^2.14.3":
  version "2.14.3"
  resolved "https://registry.yarnpkg.com/@gm-common/locales/-/locales-2.14.3.tgz#d5a0d3be2ab5d4a25b07ad7757ef54fb25f58045"
  integrity sha512-uFCMj92ECdc9wgJMuPj2Yt59pKD2XQC9TbU6RKJlGNcUR1OPA5XmVJIIQJmi4zsxD9KvsR/sifMTUq1d2ZvJAw==

"@gm-common/tool@^2.14.3":
  version "2.14.3"
  resolved "https://registry.yarnpkg.com/@gm-common/tool/-/tool-2.14.3.tgz#bdccc9b0958cd139cfeae724ebe997f0ed110386"
  integrity sha512-IHkQptCTJQnsArKRhRwZq+5RJbJwbDFbn1YU1I0x3O+z6oq81Zcoo15f4niq9b0elM8znY4NTolnvNbY9I0T9w==
  dependencies:
    lodash "^4.17.20"

"@types/fingerprintjs2@^2.0.0":
  version "2.0.0"
  resolved "https://registry.yarnpkg.com/@types/fingerprintjs2/-/fingerprintjs2-2.0.0.tgz#3af76e165416fa75261bbce4393f5445fca4cadd"
  integrity sha512-isSTwNnW5I6zGZnpkinmVcV9pJqr7cLELns+tXDYzskIOAb2J+iCQ0mQJ9bRjHJhZfdlTFXZoCYK9ZgT3oMWXQ==

axios@^0.21.0:
  version "0.21.0"
  resolved "https://registry.npm.taobao.org/axios/download/axios-0.21.0.tgz?cache=0&sync_timestamp=1603469130017&other_urls=https%3A%2F%2Fregistry.npm.taobao.org%2Faxios%2Fdownload%2Faxios-0.21.0.tgz#26df088803a2350dff2c27f96fef99fe49442aca"
  integrity sha1-Jt8IiAOiNQ3/LCf5b++Z/klEKso=
  dependencies:
    follow-redirects "^1.10.0"

decode-uri-component@^0.2.0:
  version "0.2.2"
  resolved "https://registry.yarnpkg.com/decode-uri-component/-/decode-uri-component-0.2.2.tgz#e69dbe25d37941171dd540e024c444cd5188e1e9"
  integrity sha512-FqUYQ+8o158GyGTrMFJms9qh3CqTKvAqgqsTnkLI8sKu0028orqBhxNMFkFen0zGyg6epACD32pjVk58ngIErQ==

filter-obj@^1.1.0:
  version "1.1.0"
  resolved "https://registry.yarnpkg.com/filter-obj/-/filter-obj-1.1.0.tgz#9b311112bc6c6127a16e016c6c5d7f19e0805c5b"
  integrity sha512-8rXg1ZnX7xzy2NGDVkBVaAy+lSlPNwad13BtgSlLuxfIslyt5Vg64U7tFcCt4WS1R0hvtnQybT/IyCkGZ3DpXQ==

fingerprintjs2@^2.1.2:
  version "2.1.4"
  resolved "https://registry.yarnpkg.com/fingerprintjs2/-/fingerprintjs2-2.1.4.tgz#a39deb947aa187c098306a0b5dd41ceaa2e15fc5"
  integrity sha512-veP2yVsnYvjDVkzZMyIEwpqCAQfsBLH+U4PK5MlFAnLjZrttbdRqEArE1fPcnJFz5oS5CrdONbsV7J6FGpIJEQ==

follow-redirects@^1.10.0:
  version "1.13.0"
  resolved "https://registry.npm.taobao.org/follow-redirects/download/follow-redirects-1.13.0.tgz?cache=0&sync_timestamp=1597058039887&other_urls=https%3A%2F%2Fregistry.npm.taobao.org%2Ffollow-redirects%2Fdownload%2Ffollow-redirects-1.13.0.tgz#b42e8d93a2a7eea5ed88633676d6597bc8e384db"
  integrity sha1-tC6Nk6Kn7qXtiGM2dtZZe8jjhNs=

lodash@^4.17.20:
  version "4.17.21"
  resolved "https://registry.yarnpkg.com/lodash/-/lodash-4.17.21.tgz#679591c564c3bffaae8454cf0b3df370c3d6911c"
  integrity sha512-v2kDEe57lecTulaDIuNTPy3Ry4gLGJ6Z1O3vE1krgXZNrsQ+LFTGHVxVjcXPs17LhbZVGedAJv8XZ1tvj5FvSg==

query-string@^6.13.6:
  version "6.14.1"
  resolved "https://registry.yarnpkg.com/query-string/-/query-string-6.14.1.tgz#7ac2dca46da7f309449ba0f86b1fd28255b0c86a"
  integrity sha512-XDxAeVmpfu1/6IjyT/gXHOl+S0vQ9owggJ30hhWKdHAsNPOcasn5o9BW0eejZqL2e4vMjhAxoW3jVHcD6mbcYw==
  dependencies:
    decode-uri-component "^0.2.0"
    filter-obj "^1.1.0"
    split-on-first "^1.0.0"
    strict-uri-encode "^2.0.0"

split-on-first@^1.0.0:
  version "1.1.0"
  resolved "https://registry.yarnpkg.com/split-on-first/-/split-on-first-1.1.0.tgz#f610afeee3b12bce1d0c30425e76398b78249a5f"
  integrity sha512-43ZssAJaMusuKWL8sKUBQXHWOpq8d6CfN/u1p4gUzfJkM05C8rxTmYrkIPTXapZpORA6LkkzcUulJ8FqA7Uudw==

strict-uri-encode@^2.0.0:
  version "2.0.0"
  resolved "https://registry.yarnpkg.com/strict-uri-encode/-/strict-uri-encode-2.0.0.tgz#b9c7330c7042862f6b142dc274bbcc5866ce3546"
  integrity sha512-QwiXZgpRcKkhTj2Scnn++4PKtWsH0kpzZ62L2R6c/LUVYv7hVnZqcg2+sMuT6R7Jusu1vviK/MFsu6kNJfWlEQ==
