# THIS IS AN AUTOGENERATED FILE. DO NOT EDIT THIS FILE DIRECTLY.
# yarn lockfile v1


"@googlemaps/js-api-loader@1.6.0":
  version "1.6.0"
  resolved "https://registry.yarnpkg.com/@googlemaps/js-api-loader/-/js-api-loader-1.6.0.tgz#351c904ca31bcc7d961aa115373d5cd411ebee80"
  integrity sha512-amuilneCf7q5A/jDUE3ml83c9NjW/3DzIqiBDFIKZcraD0JSKbetkEQa5s57Z6QY7jxcequXgoL9CKJUY1xZ5A==

"@react-google-maps/api@^1.13.0":
  version "1.13.0"
  resolved "https://registry.yarnpkg.com/@react-google-maps/api/-/api-1.13.0.tgz#9fb25e9f8f0e54d9ed2bb5e5e0cf49bb717db7ab"
  integrity sha512-mKwXziG5MbOvvcWG53FyZVZ8zjAuPNYkcS/+nYX9STMFNrI96AFq5l/zUn2QifRJnPzE8iO4V1vyMM+Ie9LpGg==
  dependencies:
    "@googlemaps/js-api-loader" "1.6.0"
    "@react-google-maps/infobox" "1.12.1"
    "@react-google-maps/marker-clusterer" "1.12.1"
    invariant "2.2.4"

"@react-google-maps/infobox@1.12.1":
  version "1.12.1"
  resolved "https://registry.yarnpkg.com/@react-google-maps/infobox/-/infobox-1.12.1.tgz#6c0354b6cfc52c8689f99ee5ce1fb5668fa78697"
  integrity sha512-tD/xijqRtKK/LNRzuerzuyvybnRaD8SLgCA064len4/enTo1abhQN215ZYqwbTOn7RgYt9qMgNnwoX//u3xoWw==

"@react-google-maps/marker-clusterer@1.12.1":
  version "1.12.1"
  resolved "https://registry.yarnpkg.com/@react-google-maps/marker-clusterer/-/marker-clusterer-1.12.1.tgz#fcf8df395a102b56258601c9b85d671dcd03d7cf"
  integrity sha512-JBSO5VJuouP/boBnSdRDCWq0UKO7jr3HvZVhis3ew+VGJ/BoCPu3lpU0HDsjjulfng+xwqLfVOIzP3QnvBPdCA==

"@types/classnames@^2.2.11":
  version "2.2.11"
  resolved "https://registry.yarnpkg.com/@types/classnames/-/classnames-2.2.11.tgz#2521cc86f69d15c5b90664e4829d84566052c1cf"
  integrity sha512-2koNhpWm3DgWRp5tpkiJ8JGc1xTn2q0l+jUNUE7oMKXUf5NpI9AIdC4kbjGNFBdHtcxBD18LAksoudAVhFKCjw==

classnames@^2.2.6:
  version "2.2.6"
  resolved "https://registry.yarnpkg.com/classnames/-/classnames-2.2.6.tgz#43935bffdd291f326dad0a205309b38d00f650ce"
  integrity sha512-JR/iSQOSt+LQIWwrwEzJ9uk0xfN3mTVYMwt1Ir5mUcSN6pU+V4zQFFaJsclJbPuAUQH+yfWef6tm7l1quW3C8Q==

invariant@2.2.4:
  version "2.2.4"
  resolved "https://registry.yarnpkg.com/invariant/-/invariant-2.2.4.tgz#610f3c92c9359ce1db616e538008d23ff35158e6"
  integrity sha512-phJfQVBuaJM5raOpJjSfkiD6BpbCE4Ns//LaXl6wGYtUBY83nWS6Rf9tXm2e8VaK60JEjYldbPif/A2B1C2gNA==
  dependencies:
    loose-envify "^1.0.0"

"js-tokens@^3.0.0 || ^4.0.0":
  version "4.0.0"
  resolved "https://registry.yarnpkg.com/js-tokens/-/js-tokens-4.0.0.tgz#19203fb59991df98e3a287050d4647cdeaf32499"
  integrity sha512-RdJUflcE3cUzKiMqQgsCu06FPu9UdIJO0beYbPhHN4k6apgJtifcoCtT9bcxOpYBtpD2kCM6Sbzg4CausW/PKQ==

lodash@^4.17.20:
  version "4.17.21"
  resolved "https://registry.yarnpkg.com/lodash/-/lodash-4.17.21.tgz#679591c564c3bffaae8454cf0b3df370c3d6911c"
  integrity sha512-v2kDEe57lecTulaDIuNTPy3Ry4gLGJ6Z1O3vE1krgXZNrsQ+LFTGHVxVjcXPs17LhbZVGedAJv8XZ1tvj5FvSg==

loose-envify@^1.0.0:
  version "1.4.0"
  resolved "https://registry.yarnpkg.com/loose-envify/-/loose-envify-1.4.0.tgz#71ee51fa7be4caec1a63839f7e682d8132d30caf"
  integrity sha512-lyuxPGr/Wfhrlem2CL/UcnUc1zcqKAImBDzukY7Y5F/yQiNdko6+fRLevlw1HgMySw7f611UIY408EtxRSoK3Q==
  dependencies:
    js-tokens "^3.0.0 || ^4.0.0"
